// !$*UTF8*$!
{
	archiveVersion = 1;
	classes = {
	};
	objectVersion = 55;
	objects = {

/* Begin PBXBuildFile section */
		661EA828E7546B6E283B9C3D /* Pods_Dardsh.framework in Frameworks */ = {isa = PBXBuildFile; fileRef = 9C198AE3A0C7AE19D8DBA8ED /* Pods_Dardsh.framework */; };
		C882934F28E080D5009EFB99 /* AppDelegate.swift in Sources */ = {isa = PBXBuildFile; fileRef = C882934E28E080D5009EFB99 /* AppDelegate.swift */; };
		C882935128E080D5009EFB99 /* SceneDelegate.swift in Sources */ = {isa = PBXBuildFile; fileRef = C882935028E080D5009EFB99 /* SceneDelegate.swift */; };
		C882935328E080D5009EFB99 /* ViewController.swift in Sources */ = {isa = PBXBuildFile; fileRef = C882935228E080D5009EFB99 /* ViewController.swift */; };
		C882935628E080D5009EFB99 /* Main.storyboard in Resources */ = {isa = PBXBuildFile; fileRef = C882935428E080D5009EFB99 /* Main.storyboard */; };
		C882935828E080D7009EFB99 /* Assets.xcassets in Resources */ = {isa = PBXBuildFile; fileRef = C882935728E080D7009EFB99 /* Assets.xcassets */; };
		C882935B28E080D7009EFB99 /* LaunchScreen.storyboard in Resources */ = {isa = PBXBuildFile; fileRef = C882935928E080D7009EFB99 /* LaunchScreen.storyboard */; };
		C882936328E09431009EFB99 /* GoogleService-Info.plist in Resources */ = {isa = PBXBuildFile; fileRef = C882936228E09431009EFB99 /* GoogleService-Info.plist */; };
/* End PBXBuildFile section */

/* Begin PBXFileReference section */
		1F661C965FC9CE5D90A5C3BA /* Pods-Dardsh.release.xcconfig */ = {isa = PBXFileReference; includeInIndex = 1; lastKnownFileType = text.xcconfig; name = "Pods-Dardsh.release.xcconfig"; path = "Target Support Files/Pods-Dardsh/Pods-Dardsh.release.xcconfig"; sourceTree = "<group>"; };
		9C198AE3A0C7AE19D8DBA8ED /* Pods_Dardsh.framework */ = {isa = PBXFileReference; explicitFileType = wrapper.framework; includeInIndex = 0; path = Pods_Dardsh.framework; sourceTree = BUILT_PRODUCTS_DIR; };
		C882934B28E080D5009EFB99 /* Dardsh.app */ = {isa = PBXFileReference; explicitFileType = wrapper.application; includeInIndex = 0; path = Dardsh.app; sourceTree = BUILT_PRODUCTS_DIR; };
		C882934E28E080D5009EFB99 /* AppDelegate.swift */ = {isa = PBXFileReference; lastKnownFileType = sourcecode.swift; path = AppDelegate.swift; sourceTree = "<group>"; };
		C882935028E080D5009EFB99 /* SceneDelegate.swift */ = {isa = PBXFileReference; lastKnownFileType = sourcecode.swift; path = SceneDelegate.swift; sourceTree = "<group>"; };
		C882935228E080D5009EFB99 /* ViewController.swift */ = {isa = PBXFileReference; lastKnownFileType = sourcecode.swift; path = ViewController.swift; sourceTree = "<group>"; };
		C882935528E080D5009EFB99 /* Base */ = {isa = PBXFileReference; lastKnownFileType = file.storyboard; name = Base; path = Base.lproj/Main.storyboard; sourceTree = "<group>"; };
		C882935728E080D7009EFB99 /* Assets.xcassets */ = {isa = PBXFileReference; lastKnownFileType = folder.assetcatalog; path = Assets.xcassets; sourceTree = "<group>"; };
		C882935A28E080D7009EFB99 /* Base */ = {isa = PBXFileReference; lastKnownFileType = file.storyboard; name = Base; path = Base.lproj/LaunchScreen.storyboard; sourceTree = "<group>"; };
		C882935C28E080D7009EFB99 /* Info.plist */ = {isa = PBXFileReference; lastKnownFileType = text.plist.xml; path = Info.plist; sourceTree = "<group>"; };
		C882936228E09431009EFB99 /* GoogleService-Info.plist */ = {isa = PBXFileReference; fileEncoding = 4; lastKnownFileType = text.plist.xml; path = "GoogleService-Info.plist"; sourceTree = "<group>"; };
		F4F83FC43882510EDA67AADA /* Pods-Dardsh.debug.xcconfig */ = {isa = PBXFileReference; includeInIndex = 1; lastKnownFileType = text.xcconfig; name = "Pods-Dardsh.debug.xcconfig"; path = "Target Support Files/Pods-Dardsh/Pods-Dardsh.debug.xcconfig"; sourceTree = "<group>"; };
/* End PBXFileReference section */

/* Begin PBXFrameworksBuildPhase section */
		C882934828E080D5009EFB99 /* Frameworks */ = {
			isa = PBXFrameworksBuildPhase;
			buildActionMask = 2147483647;
			files = (
				661EA828E7546B6E283B9C3D /* Pods_Dardsh.framework in Frameworks */,
			);
			runOnlyForDeploymentPostprocessing = 0;
		};
/* End PBXFrameworksBuildPhase section */

/* Begin PBXGroup section */
		C882934228E080D4009EFB99 = {
			isa = PBXGroup;
			children = (
				C882934D28E080D5009EFB99 /* Dardsh */,
				C882934C28E080D5009EFB99 /* Products */,
				DD3F9C283BBBD6A8EFD5FDD0 /* Pods */,
				E083D4534EF7BC920B247462 /* Frameworks */,
			);
			sourceTree = "<group>";
		};
		C882934C28E080D5009EFB99 /* Products */ = {
			isa = PBXGroup;
			children = (
				C882934B28E080D5009EFB99 /* Dardsh.app */,
			);
			name = Products;
			sourceTree = "<group>";
		};
		C882934D28E080D5009EFB99 /* Dardsh */ = {
			isa = PBXGroup;
			children = (
				C882934E28E080D5009EFB99 /* AppDelegate.swift */,
				C882935028E080D5009EFB99 /* SceneDelegate.swift */,
				C882935228E080D5009EFB99 /* ViewController.swift */,
				C882935428E080D5009EFB99 /* Main.storyboard */,
				C882935728E080D7009EFB99 /* Assets.xcassets */,
				C882935928E080D7009EFB99 /* LaunchScreen.storyboard */,
				C882935C28E080D7009EFB99 /* Info.plist */,
				C882936228E09431009EFB99 /* GoogleService-Info.plist */,
			);
			path = Dardsh;
			sourceTree = "<group>";
		};
		DD3F9C283BBBD6A8EFD5FDD0 /* Pods */ = {
			isa = PBXGroup;
			children = (
				F4F83FC43882510EDA67AADA /* Pods-Dardsh.debug.xcconfig */,
				1F661C965FC9CE5D90A5C3BA /* Pods-Dardsh.release.xcconfig */,
			);
			path = Pods;
			sourceTree = "<group>";
		};
		E083D4534EF7BC920B247462 /* Frameworks */ = {
			isa = PBXGroup;
			children = (
				9C198AE3A0C7AE19D8DBA8ED /* Pods_Dardsh.framework */,
			);
			name = Frameworks;
			sourceTree = "<group>";
		};
/* End PBXGroup section */

/* Begin PBXNativeTarget section */
		C882934A28E080D5009EFB99 /* Dardsh */ = {
			isa = PBXNativeTarget;
			buildConfigurationList = C882935F28E080D7009EFB99 /* Build configuration list for PBXNativeTarget "Dardsh" */;
			buildPhases = (
				2D472C2790A30F1E2E582571 /* [CP] Check Pods Manifest.lock */,
				C882934728E080D5009EFB99 /* Sources */,
				C882934828E080D5009EFB99 /* Frameworks */,
				C882934928E080D5009EFB99 /* Resources */,
				27C69E6AEE051EAC8B49FCDE /* [CP] Embed Pods Frameworks */,
			);
			buildRules = (
			);
			dependencies = (
			);
			name = Dardsh;
			productName = Dardsh;
			productReference = C882934B28E080D5009EFB99 /* Dardsh.app */;
			productType = "com.apple.product-type.application";
		};
/* End PBXNativeTarget section */

/* Begin PBXProject section */
		C882934328E080D4009EFB99 /* Project object */ = {
			isa = PBXProject;
			attributes = {
				BuildIndependentTargetsInParallel = 1;
				LastSwiftUpdateCheck = 1340;
				LastUpgradeCheck = 1340;
				TargetAttributes = {
					C882934A28E080D5009EFB99 = {
						CreatedOnToolsVersion = 13.4.1;
					};
				};
			};
			buildConfigurationList = C882934628E080D4009EFB99 /* Build configuration list for PBXProject "Dardsh" */;
			compatibilityVersion = "Xcode 13.0";
			developmentRegion = en;
			hasScannedForEncodings = 0;
			knownRegions = (
				en,
				Base,
			);
			mainGroup = C882934228E080D4009EFB99;
			productRefGroup = C882934C28E080D5009EFB99 /* Products */;
			projectDirPath = "";
			projectRoot = "";
			targets = (
				C882934A28E080D5009EFB99 /* Dardsh */,
			);
		};
/* End PBXProject section */

/* Begin PBXResourcesBuildPhase section */
		C882934928E080D5009EFB99 /* Resources */ = {
			isa = PBXResourcesBuildPhase;
			buildActionMask = 2147483647;
			files = (
				C882935B28E080D7009EFB99 /* LaunchScreen.storyboard in Resources */,
				C882936328E09431009EFB99 /* GoogleService-Info.plist in Resources */,
				C882935828E080D7009EFB99 /* Assets.xcassets in Resources */,
				C882935628E080D5009EFB99 /* Main.storyboard in Resources */,
			);
			runOnlyForDeploymentPostprocessing = 0;
		};
/* End PBXResourcesBuildPhase section */

/* Begin PBXShellScriptBuildPhase section */
		27C69E6AEE051EAC8B49FCDE /* [CP] Embed Pods Frameworks */ = {
			isa = PBXShellScriptBuildPhase;
			buildActionMask = 2147483647;
			files = (
			);
			inputFileListPaths = (
				"${PODS_ROOT}/Target Support Files/Pods-Dardsh/Pods-Dardsh-frameworks-${CONFIGURATION}-input-files.xcfilelist",
			);
			name = "[CP] Embed Pods Frameworks";
			outputFileListPaths = (
				"${PODS_ROOT}/Target Support Files/Pods-Dardsh/Pods-Dardsh-frameworks-${CONFIGURATION}-output-files.xcfilelist",
			);
			runOnlyForDeploymentPostprocessing = 0;
			shellPath = /bin/sh;
			shellScript = "\"${PODS_ROOT}/Target Support Files/Pods-Dardsh/Pods-Dardsh-frameworks.sh\"\n";
			showEnvVarsInLog = 0;
		};
		2D472C2790A30F1E2E582571 /* [CP] Check Pods Manifest.lock */ = {
			isa = PBXShellScriptBuildPhase;
			buildActionMask = 2147483647;
			files = (
			);
			inputFileListPaths = (
			);
			inputPaths = (
				"${PODS_PODFILE_DIR_PATH}/Podfile.lock",
				"${PODS_ROOT}/Manifest.lock",
			);
			name = "[CP] Check Pods Manifest.lock";
			outputFileListPaths = (
			);
			outputPaths = (
				"$(DERIVED_FILE_DIR)/Pods-Dardsh-checkManifestLockResult.txt",
			);
			runOnlyForDeploymentPostprocessing = 0;
			shellPath = /bin/sh;
			shellScript = "diff \"${PODS_PODFILE_DIR_PATH}/Podfile.lock\" \"${PODS_ROOT}/Manifest.lock\" > /dev/null\nif [ $? != 0 ] ; then\n    # print error to STDERR\n    echo \"error: The sandbox is not in sync with the Podfile.lock. Run 'pod install' or update your CocoaPods installation.\" >&2\n    exit 1\nfi\n# This output is used by Xcode 'outputs' to avoid re-running this script phase.\necho \"SUCCESS\" > \"${SCRIPT_OUTPUT_FILE_0}\"\n";
			showEnvVarsInLog = 0;
		};
/* End PBXShellScriptBuildPhase section */

/* Begin PBXSourcesBuildPhase section */
		C882934728E080D5009EFB99 /* Sources */ = {
			isa = PBXSourcesBuildPhase;
			buildActionMask = 2147483647;
			files = (
				C882935328E080D5009EFB99 /* ViewController.swift in Sources */,
				C882934F28E080D5009EFB99 /* AppDelegate.swift in Sources */,
				C882935128E080D5009EFB99 /* SceneDelegate.swift in Sources */,
			);
			runOnlyForDeploymentPostprocessing = 0;
		};
/* End PBXSourcesBuildPhase section */

/* Begin PBXVariantGroup section */
		C882935428E080D5009EFB99 /* Main.storyboard */ = {
			isa = PBXVariantGroup;
			children = (
				C882935528E080D5009EFB99 /* Base */,
			);
			name = Main.storyboard;
			sourceTree = "<group>";
		};
		C882935928E080D7009EFB99 /* LaunchScreen.storyboard */ = {
			isa = PBXVariantGroup;
			children = (
				C882935A28E080D7009EFB99 /* Base */,
			);
			name = LaunchScreen.storyboard;
			sourceTree = "<group>";
		};
/* End PBXVariantGroup section */

/* Begin XCBuildConfiguration section */
		C882935D28E080D7009EFB99 /* Debug */ = {
			isa = XCBuildConfiguration;
			buildSettings = {
				ALWAYS_SEARCH_USER_PATHS = NO;
				CLANG_ANALYZER_NONNULL = YES;
				CLANG_ANALYZER_NUMBER_OBJECT_CONVERSION = YES_AGGRESSIVE;
				CLANG_CXX_LANGUAGE_STANDARD = "gnu++17";
				CLANG_ENABLE_MODULES = YES;
				CLANG_ENABLE_OBJC_ARC = YES;
				CLANG_ENABLE_OBJC_WEAK = YES;
				CLANG_WARN_BLOCK_CAPTURE_AUTORELEASING = YES;
				CLANG_WARN_BOOL_CONVERSION = YES;
				CLANG_WARN_COMMA = YES;
				CLANG_WARN_CONSTANT_CONVERSION = YES;
				CLANG_WARN_DEPRECATED_OBJC_IMPLEMENTATIONS = YES;
				CLANG_WARN_DIRECT_OBJC_ISA_USAGE = YES_ERROR;
				CLANG_WARN_DOCUMENTATION_COMMENTS = YES;
				CLANG_WARN_EMPTY_BODY = YES;
				CLANG_WARN_ENUM_CONVERSION = YES;
				CLANG_WARN_INFINITE_RECURSION = YES;
				CLANG_WARN_INT_CONVERSION = YES;
				CLANG_WARN_NON_LITERAL_NULL_CONVERSION = YES;
				CLANG_WARN_OBJC_IMPLICIT_RETAIN_SELF = YES;
				CLANG_WARN_OBJC_LITERAL_CONVERSION = YES;
				CLANG_WARN_OBJC_ROOT_CLASS = YES_ERROR;
				CLANG_WARN_QUOTED_INCLUDE_IN_FRAMEWORK_HEADER = YES;
				CLANG_WARN_RANGE_LOOP_ANALYSIS = YES;
				CLANG_WARN_STRICT_PROTOTYPES = YES;
				CLANG_WARN_SUSPICIOUS_MOVE = YES;
				CLANG_WARN_UNGUARDED_AVAILABILITY = YES_AGGRESSIVE;
				CLANG_WARN_UNREACHABLE_CODE = YES;
				CLANG_WARN__DUPLICATE_METHOD_MATCH = YES;
				COPY_PHASE_STRIP = NO;
				DEBUG_INFORMATION_FORMAT = dwarf;
				ENABLE_STRICT_OBJC_MSGSEND = YES;
				ENABLE_TESTABILITY = YES;
				GCC_C_LANGUAGE_STANDARD = gnu11;
				GCC_DYNAMIC_NO_PIC = NO;
				GCC_NO_COMMON_BLOCKS = YES;
				GCC_OPTIMIZATION_LEVEL = 0;
				GCC_PREPROCESSOR_DEFINITIONS = (
					"DEBUG=1",
					"$(inherited)",
				);
				GCC_WARN_64_TO_32_BIT_CONVERSION = YES;
				GCC_WARN_ABOUT_RETURN_TYPE = YES_ERROR;
				GCC_WARN_UNDECLARED_SELECTOR = YES;
				GCC_WARN_UNINITIALIZED_AUTOS = YES_AGGRESSIVE;
				GCC_WARN_UNUSED_FUNCTION = YES;
				GCC_WARN_UNUSED_VARIABLE = YES;
				IPHONEOS_DEPLOYMENT_TARGET = 15.5;
				MTL_ENABLE_DEBUG_INFO = INCLUDE_SOURCE;
				MTL_FAST_MATH = YES;
				ONLY_ACTIVE_ARCH = YES;
				SDKROOT = iphoneos;
				SWIFT_ACTIVE_COMPILATION_CONDITIONS = DEBUG;
				SWIFT_OPTIMIZATION_LEVEL = "-Onone";
			};
			name = Debug;
		};
		C882935E28E080D7009EFB99 /* Release */ = {
			isa = XCBuildConfiguration;
			buildSettings = {
				ALWAYS_SEARCH_USER_PATHS = NO;
				CLANG_ANALYZER_NONNULL = YES;
				CLANG_ANALYZER_NUMBER_OBJECT_CONVERSION = YES_AGGRESSIVE;
				CLANG_CXX_LANGUAGE_STANDARD = "gnu++17";
				CLANG_ENABLE_MODULES = YES;
				CLANG_ENABLE_OBJC_ARC = YES;
				CLANG_ENABLE_OBJC_WEAK = YES;
				CLANG_WARN_BLOCK_CAPTURE_AUTORELEASING = YES;
				CLANG_WARN_BOOL_CONVERSION = YES;
				CLANG_WARN_COMMA = YES;
				CLANG_WARN_CONSTANT_CONVERSION = YES;
				CLANG_WARN_DEPRECATED_OBJC_IMPLEMENTATIONS = YES;
				CLANG_WARN_DIRECT_OBJC_ISA_USAGE = YES_ERROR;
				CLANG_WARN_DOCUMENTATION_COMMENTS = YES;
				CLANG_WARN_EMPTY_BODY = YES;
				CLANG_WARN_ENUM_CONVERSION = YES;
				CLANG_WARN_INFINITE_RECURSION = YES;
				CLANG_WARN_INT_CONVERSION = YES;
				CLANG_WARN_NON_LITERAL_NULL_CONVERSION = YES;
				CLANG_WARN_OBJC_IMPLICIT_RETAIN_SELF = YES;
				CLANG_WARN_OBJC_LITERAL_CONVERSION = YES;
				CLANG_WARN_OBJC_ROOT_CLASS = YES_ERROR;
				CLANG_WARN_QUOTED_INCLUDE_IN_FRAMEWORK_HEADER = YES;
				CLANG_WARN_RANGE_LOOP_ANALYSIS = YES;
				CLANG_WARN_STRICT_PROTOTYPES = YES;
				CLANG_WARN_SUSPICIOUS_MOVE = YES;
				CLANG_WARN_UNGUARDED_AVAILABILITY = YES_AGGRESSIVE;
				CLANG_WARN_UNREACHABLE_CODE = YES;
				CLANG_WARN__DUPLICATE_METHOD_MATCH = YES;
				COPY_PHASE_STRIP = NO;
				DEBUG_INFORMATION_FORMAT = "dwarf-with-dsym";
				ENABLE_NS_ASSERTIONS = NO;
				ENABLE_STRICT_OBJC_MSGSEND = YES;
				GCC_C_LANGUAGE_STANDARD = gnu11;
				GCC_NO_COMMON_BLOCKS = YES;
				GCC_WARN_64_TO_32_BIT_CONVERSION = YES;
				GCC_WARN_ABOUT_RETURN_TYPE = YES_ERROR;
				GCC_WARN_UNDECLARED_SELECTOR = YES;
				GCC_WARN_UNINITIALIZED_AUTOS = YES_AGGRESSIVE;
				GCC_WARN_UNUSED_FUNCTION = YES;
				GCC_WARN_UNUSED_VARIABLE = YES;
				IPHONEOS_DEPLOYMENT_TARGET = 15.5;
				MTL_ENABLE_DEBUG_INFO = NO;
				MTL_FAST_MATH = YES;
				SDKROOT = iphoneos;
				SWIFT_COMPILATION_MODE = wholemodule;
				SWIFT_OPTIMIZATION_LEVEL = "-O";
				VALIDATE_PRODUCT = YES;
			};
			name = Release;
		};
		C882936028E080D7009EFB99 /* Debug */ = {
			isa = XCBuildConfiguration;
			baseConfigurationReference = F4F83FC43882510EDA67AADA /* Pods-Dardsh.debug.xcconfig */;
			buildSettings = {
				ASSETCATALOG_COMPILER_APPICON_NAME = AppIcon;
				ASSETCATALOG_COMPILER_GLOBAL_ACCENT_COLOR_NAME = AccentColor;
				CODE_SIGN_STYLE = Automatic;
				CURRENT_PROJECT_VERSION = 1;
				DEVELOPMENT_TEAM = U6JX84M9ZS;
				GENERATE_INFOPLIST_FILE = YES;
				INFOPLIST_FILE = Dardsh/Info.plist;
				INFOPLIST_KEY_UIApplicationSupportsIndirectInputEvents = YES;
				INFOPLIST_KEY_UILaunchStoryboardName = LaunchScreen;
				INFOPLIST_KEY_UIMainStoryboardFile = Main;
				INFOPLIST_KEY_UISupportedInterfaceOrientations = UIInterfaceOrientationPortrait;
				INFOPLIST_KEY_UISupportedInterfaceOrientations_iPad = "UIInterfaceOrientationPortrait UIInterfaceOrientationPortraitUpsideDown UIInterfaceOrientationLandscapeLeft UIInterfaceOrientationLandscapeRight";
				INFOPLIST_KEY_UISupportedInterfaceOrientations_iPhone = "UIInterfaceOrientationPortrait UIInterfaceOrientationLandscapeLeft UIInterfaceOrientationLandscapeRight";
				LD_RUNPATH_SEARCH_PATHS = (
					"$(inherited)",
					"@executable_path/Frameworks",
				);
				MARKETING_VERSION = 1.0;
				PRODUCT_BUNDLE_IDENTIFIER = com.abanoubashraf.Dardsh;
				PRODUCT_NAME = "$(TARGET_NAME)";
				SWIFT_EMIT_LOC_STRINGS = YES;
				SWIFT_VERSION = 5.0;
				TARGETED_DEVICE_FAMILY = 1;
			};
			name = Debug;
		};
		C882936128E080D7009EFB99 /* Release */ = {
			isa = XCBuildConfiguration;
			baseConfigurationReference = 1F661C965FC9CE5D90A5C3BA /* Pods-Dardsh.release.xcconfig */;
			buildSettings = {
				ASSETCATALOG_COMPILER_APPICON_NAME = AppIcon;
				ASSETCATALOG_COMPILER_GLOBAL_ACCENT_COLOR_NAME = AccentColor;
				CODE_SIGN_STYLE = Automatic;
				CURRENT_PROJECT_VERSION = 1;
				DEVELOPMENT_TEAM = U6JX84M9ZS;
				GENERATE_INFOPLIST_FILE = YES;
				INFOPLIST_FILE = Dardsh/Info.plist;
				INFOPLIST_KEY_UIApplicationSupportsIndirectInputEvents = YES;
				INFOPLIST_KEY_UILaunchStoryboardName = LaunchScreen;
				INFOPLIST_KEY_UIMainStoryboardFile = Main;
				INFOPLIST_KEY_UISupportedInterfaceOrientations = UIInterfaceOrientationPortrait;
				INFOPLIST_KEY_UISupportedInterfaceOrientations_iPad = "UIInterfaceOrientationPortrait UIInterfaceOrientationPortraitUpsideDown UIInterfaceOrientationLandscapeLeft UIInterfaceOrientationLandscapeRight";
				INFOPLIST_KEY_UISupportedInterfaceOrientations_iPhone = "UIInterfaceOrientationPortrait UIInterfaceOrientationLandscapeLeft UIInterfaceOrientationLandscapeRight";
				LD_RUNPATH_SEARCH_PATHS = (
					"$(inherited)",
					"@executable_path/Frameworks",
				);
				MARKETING_VERSION = 1.0;
				PRODUCT_BUNDLE_IDENTIFIER = com.abanoubashraf.Dardsh;
				PRODUCT_NAME = "$(TARGET_NAME)";
				SWIFT_EMIT_LOC_STRINGS = YES;
				SWIFT_VERSION = 5.0;
				TARGETED_DEVICE_FAMILY = 1;
			};
			name = Release;
		};
/* End XCBuildConfiguration section */

/* Begin XCConfigurationList section */
		C882934628E080D4009EFB99 /* Build configuration list for PBXProject "Dardsh" */ = {
			isa = XCConfigurationList;
			buildConfigurations = (
				C882935D28E080D7009EFB99 /* Debug */,
				C882935E28E080D7009EFB99 /* Release */,
			);
			defaultConfigurationIsVisible = 0;
			defaultConfigurationName = Release;
		};
		C882935F28E080D7009EFB99 /* Build configuration list for PBXNativeTarget "Dardsh" */ = {
			isa = XCConfigurationList;
			buildConfigurations = (
				C882936028E080D7009EFB99 /* Debug */,
				C882936128E080D7009EFB99 /* Release */,
			);
			defaultConfigurationIsVisible = 0;
			defaultConfigurationName = Release;
		};
/* End XCConfigurationList section */
	};
	rootObject = C882934328E080D4009EFB99 /* Project object */;
}
